PODS:
  - LCProgressHUD (1.0.6):
    - MBProgressHUD (~> 0.9.1)
  - MBProgressHUD (0.9.2)
  - MJExtension (3.0.13)
  - Toast (3.0)

DEPENDENCIES:
  - LCProgressHUD
  - MJExtension
  - Toast

SPEC CHECKSUMS:
  LCProgressHUD: 230627658e1d23a26f557aa8fad3be8181245d85
  MBProgressHUD: 1569cf7ace17a8bac47aabfbb8580a49690386d1
  MJExtension: 5932755f451458eefa24239358817f8d291240c7
  Toast: 32c59229abfcf41850162b83bb9259dc84372473

PODFILE CHECKSUM: 6ac49f2b7d81819f355b9e39ccab63df443a3acb

COCOAPODS: 1.1.0.beta.1
