// !$*UTF8*$!
{
	archiveVersion = 1;
	classes = {
	};
	objectVersion = 46;
	objects = {

/* Begin PBXBuildFile section */
		3021C79BAC5983D29770145A /* libPods-AliCloudIDCardRecognitionDemo.a in Frameworks */ = {isa = PBXBuildFile; fileRef = B95359DD12EBBCED5A1981C9 /* libPods-AliCloudIDCardRecognitionDemo.a */; };
		4E0906411DC6E3900078C906 /* main.m in Sources */ = {isa = PBXBuildFile; fileRef = 4E0906401DC6E3900078C906 /* main.m */; };
		4E0906441DC6E3900078C906 /* AppDelegate.m in Sources */ = {isa = PBXBuildFile; fileRef = 4E0906431DC6E3900078C906 /* AppDelegate.m */; };
		4E0906471DC6E3900078C906 /* ViewController.m in Sources */ = {isa = PBXBuildFile; fileRef = 4E0906461DC6E3900078C906 /* ViewController.m */; };
		4E09064A1DC6E3900078C906 /* Main.storyboard in Resources */ = {isa = PBXBuildFile; fileRef = 4E0906481DC6E3900078C906 /* Main.storyboard */; };
		4E09064C1DC6E3900078C906 /* Assets.xcassets in Resources */ = {isa = PBXBuildFile; fileRef = 4E09064B1DC6E3900078C906 /* Assets.xcassets */; };
		4E09064F1DC6E3900078C906 /* LaunchScreen.storyboard in Resources */ = {isa = PBXBuildFile; fileRef = 4E09064D1DC6E3900078C906 /* LaunchScreen.storyboard */; };
		4E09065A1DC6E3900078C906 /* AliCloudIDCardRecognitionDemoTests.m in Sources */ = {isa = PBXBuildFile; fileRef = 4E0906591DC6E3900078C906 /* AliCloudIDCardRecognitionDemoTests.m */; };
		4E0906651DC6E3910078C906 /* AliCloudIDCardRecognitionDemoUITests.m in Sources */ = {isa = PBXBuildFile; fileRef = 4E0906641DC6E3910078C906 /* AliCloudIDCardRecognitionDemoUITests.m */; };
		4E0906751DC6E3B80078C906 /* PhotoTool.m in Sources */ = {isa = PBXBuildFile; fileRef = 4E0906741DC6E3B80078C906 /* PhotoTool.m */; };
		4E0906841DC6E41A0078C906 /* HttpUtil.m in Sources */ = {isa = PBXBuildFile; fileRef = 4E0906811DC6E41A0078C906 /* HttpUtil.m */; };
		4E0906851DC6E41A0078C906 /* SignUtil.m in Sources */ = {isa = PBXBuildFile; fileRef = 4E0906831DC6E41A0078C906 /* SignUtil.m */; };
		4E0906941DC6E9CF0078C906 /* XYAlertController.m in Sources */ = {isa = PBXBuildFile; fileRef = 4E0906931DC6E9CF0078C906 /* XYAlertController.m */; };
/* End PBXBuildFile section */

/* Begin PBXContainerItemProxy section */
		4E0906561DC6E3900078C906 /* PBXContainerItemProxy */ = {
			isa = PBXContainerItemProxy;
			containerPortal = 4E0906341DC6E3900078C906 /* Project object */;
			proxyType = 1;
			remoteGlobalIDString = 4E09063B1DC6E3900078C906;
			remoteInfo = AliCloudIDCardRecognitionDemo;
		};
		4E0906611DC6E3910078C906 /* PBXContainerItemProxy */ = {
			isa = PBXContainerItemProxy;
			containerPortal = 4E0906341DC6E3900078C906 /* Project object */;
			proxyType = 1;
			remoteGlobalIDString = 4E09063B1DC6E3900078C906;
			remoteInfo = AliCloudIDCardRecognitionDemo;
		};
/* End PBXContainerItemProxy section */

/* Begin PBXFileReference section */
		4E09063C1DC6E3900078C906 /* AliCloudIDCardRecognitionDemo.app */ = {isa = PBXFileReference; explicitFileType = wrapper.application; includeInIndex = 0; path = AliCloudIDCardRecognitionDemo.app; sourceTree = BUILT_PRODUCTS_DIR; };
		4E0906401DC6E3900078C906 /* main.m */ = {isa = PBXFileReference; lastKnownFileType = sourcecode.c.objc; path = main.m; sourceTree = "<group>"; };
		4E0906421DC6E3900078C906 /* AppDelegate.h */ = {isa = PBXFileReference; lastKnownFileType = sourcecode.c.h; path = AppDelegate.h; sourceTree = "<group>"; };
		4E0906431DC6E3900078C906 /* AppDelegate.m */ = {isa = PBXFileReference; lastKnownFileType = sourcecode.c.objc; path = AppDelegate.m; sourceTree = "<group>"; };
		4E0906451DC6E3900078C906 /* ViewController.h */ = {isa = PBXFileReference; lastKnownFileType = sourcecode.c.h; path = ViewController.h; sourceTree = "<group>"; };
		4E0906461DC6E3900078C906 /* ViewController.m */ = {isa = PBXFileReference; lastKnownFileType = sourcecode.c.objc; path = ViewController.m; sourceTree = "<group>"; };
		4E0906491DC6E3900078C906 /* Base */ = {isa = PBXFileReference; lastKnownFileType = file.storyboard; name = Base; path = Base.lproj/Main.storyboard; sourceTree = "<group>"; };
		4E09064B1DC6E3900078C906 /* Assets.xcassets */ = {isa = PBXFileReference; lastKnownFileType = folder.assetcatalog; path = Assets.xcassets; sourceTree = "<group>"; };
		4E09064E1DC6E3900078C906 /* Base */ = {isa = PBXFileReference; lastKnownFileType = file.storyboard; name = Base; path = Base.lproj/LaunchScreen.storyboard; sourceTree = "<group>"; };
		4E0906501DC6E3900078C906 /* Info.plist */ = {isa = PBXFileReference; lastKnownFileType = text.plist.xml; path = Info.plist; sourceTree = "<group>"; };
		4E0906551DC6E3900078C906 /* AliCloudIDCardRecognitionDemoTests.xctest */ = {isa = PBXFileReference; explicitFileType = wrapper.cfbundle; includeInIndex = 0; path = AliCloudIDCardRecognitionDemoTests.xctest; sourceTree = BUILT_PRODUCTS_DIR; };
		4E0906591DC6E3900078C906 /* AliCloudIDCardRecognitionDemoTests.m */ = {isa = PBXFileReference; lastKnownFileType = sourcecode.c.objc; path = AliCloudIDCardRecognitionDemoTests.m; sourceTree = "<group>"; };
		4E09065B1DC6E3910078C906 /* Info.plist */ = {isa = PBXFileReference; lastKnownFileType = text.plist.xml; path = Info.plist; sourceTree = "<group>"; };
		4E0906601DC6E3910078C906 /* AliCloudIDCardRecognitionDemoUITests.xctest */ = {isa = PBXFileReference; explicitFileType = wrapper.cfbundle; includeInIndex = 0; path = AliCloudIDCardRecognitionDemoUITests.xctest; sourceTree = BUILT_PRODUCTS_DIR; };
		4E0906641DC6E3910078C906 /* AliCloudIDCardRecognitionDemoUITests.m */ = {isa = PBXFileReference; lastKnownFileType = sourcecode.c.objc; path = AliCloudIDCardRecognitionDemoUITests.m; sourceTree = "<group>"; };
		4E0906661DC6E3910078C906 /* Info.plist */ = {isa = PBXFileReference; lastKnownFileType = text.plist.xml; path = Info.plist; sourceTree = "<group>"; };
		4E0906731DC6E3B80078C906 /* PhotoTool.h */ = {isa = PBXFileReference; fileEncoding = 4; lastKnownFileType = sourcecode.c.h; path = PhotoTool.h; sourceTree = "<group>"; };
		4E0906741DC6E3B80078C906 /* PhotoTool.m */ = {isa = PBXFileReference; fileEncoding = 4; lastKnownFileType = sourcecode.c.objc; path = PhotoTool.m; sourceTree = "<group>"; };
		4E0906771DC6E41A0078C906 /* AppConfiguration.h */ = {isa = PBXFileReference; fileEncoding = 4; lastKnownFileType = sourcecode.c.h; path = AppConfiguration.h; sourceTree = "<group>"; };
		4E0906781DC6E41A0078C906 /* AppInclude.h */ = {isa = PBXFileReference; fileEncoding = 4; lastKnownFileType = sourcecode.c.h; path = AppInclude.h; sourceTree = "<group>"; };
		4E09067A1DC6E41A0078C906 /* Constants.h */ = {isa = PBXFileReference; fileEncoding = 4; lastKnownFileType = sourcecode.c.h; path = Constants.h; sourceTree = "<group>"; };
		4E09067B1DC6E41A0078C906 /* ContentType.h */ = {isa = PBXFileReference; fileEncoding = 4; lastKnownFileType = sourcecode.c.h; path = ContentType.h; sourceTree = "<group>"; };
		4E09067C1DC6E41A0078C906 /* HttpHeader.h */ = {isa = PBXFileReference; fileEncoding = 4; lastKnownFileType = sourcecode.c.h; path = HttpHeader.h; sourceTree = "<group>"; };
		4E09067D1DC6E41A0078C906 /* HttpMethod.h */ = {isa = PBXFileReference; fileEncoding = 4; lastKnownFileType = sourcecode.c.h; path = HttpMethod.h; sourceTree = "<group>"; };
		4E09067E1DC6E41A0078C906 /* HttpSchema.h */ = {isa = PBXFileReference; fileEncoding = 4; lastKnownFileType = sourcecode.c.h; path = HttpSchema.h; sourceTree = "<group>"; };
		4E09067F1DC6E41A0078C906 /* SystemHeader.h */ = {isa = PBXFileReference; fileEncoding = 4; lastKnownFileType = sourcecode.c.h; path = SystemHeader.h; sourceTree = "<group>"; };
		4E0906801DC6E41A0078C906 /* HttpUtil.h */ = {isa = PBXFileReference; fileEncoding = 4; lastKnownFileType = sourcecode.c.h; path = HttpUtil.h; sourceTree = "<group>"; };
		4E0906811DC6E41A0078C906 /* HttpUtil.m */ = {isa = PBXFileReference; fileEncoding = 4; lastKnownFileType = sourcecode.c.objc; path = HttpUtil.m; sourceTree = "<group>"; };
		4E0906821DC6E41A0078C906 /* SignUtil.h */ = {isa = PBXFileReference; fileEncoding = 4; lastKnownFileType = sourcecode.c.h; path = SignUtil.h; sourceTree = "<group>"; };
		4E0906831DC6E41A0078C906 /* SignUtil.m */ = {isa = PBXFileReference; fileEncoding = 4; lastKnownFileType = sourcecode.c.objc; path = SignUtil.m; sourceTree = "<group>"; };
		4E0906921DC6E9CF0078C906 /* XYAlertController.h */ = {isa = PBXFileReference; fileEncoding = 4; lastKnownFileType = sourcecode.c.h; path = XYAlertController.h; sourceTree = "<group>"; };
		4E0906931DC6E9CF0078C906 /* XYAlertController.m */ = {isa = PBXFileReference; fileEncoding = 4; lastKnownFileType = sourcecode.c.objc; path = XYAlertController.m; sourceTree = "<group>"; };
		4E0906961DC6E9F90078C906 /* PrecompiledHeader.pch */ = {isa = PBXFileReference; fileEncoding = 4; lastKnownFileType = sourcecode.c.h; path = PrecompiledHeader.pch; sourceTree = "<group>"; };
		832051DE07F1652EEF34D55D /* Pods-AliCloudIDCardRecognitionDemo.release.xcconfig */ = {isa = PBXFileReference; includeInIndex = 1; lastKnownFileType = text.xcconfig; name = "Pods-AliCloudIDCardRecognitionDemo.release.xcconfig"; path = "Pods/Target Support Files/Pods-AliCloudIDCardRecognitionDemo/Pods-AliCloudIDCardRecognitionDemo.release.xcconfig"; sourceTree = "<group>"; };
		B95359DD12EBBCED5A1981C9 /* libPods-AliCloudIDCardRecognitionDemo.a */ = {isa = PBXFileReference; explicitFileType = archive.ar; includeInIndex = 0; path = "libPods-AliCloudIDCardRecognitionDemo.a"; sourceTree = BUILT_PRODUCTS_DIR; };
		E5BD96BD7B614EE9C6BF6AC8 /* Pods-AliCloudIDCardRecognitionDemo.debug.xcconfig */ = {isa = PBXFileReference; includeInIndex = 1; lastKnownFileType = text.xcconfig; name = "Pods-AliCloudIDCardRecognitionDemo.debug.xcconfig"; path = "Pods/Target Support Files/Pods-AliCloudIDCardRecognitionDemo/Pods-AliCloudIDCardRecognitionDemo.debug.xcconfig"; sourceTree = "<group>"; };
/* End PBXFileReference section */

/* Begin PBXFrameworksBuildPhase section */
		4E0906391DC6E3900078C906 /* Frameworks */ = {
			isa = PBXFrameworksBuildPhase;
			buildActionMask = 2147483647;
			files = (
				3021C79BAC5983D29770145A /* libPods-AliCloudIDCardRecognitionDemo.a in Frameworks */,
			);
			runOnlyForDeploymentPostprocessing = 0;
		};
		4E0906521DC6E3900078C906 /* Frameworks */ = {
			isa = PBXFrameworksBuildPhase;
			buildActionMask = 2147483647;
			files = (
			);
			runOnlyForDeploymentPostprocessing = 0;
		};
		4E09065D1DC6E3910078C906 /* Frameworks */ = {
			isa = PBXFrameworksBuildPhase;
			buildActionMask = 2147483647;
			files = (
			);
			runOnlyForDeploymentPostprocessing = 0;
		};
/* End PBXFrameworksBuildPhase section */

/* Begin PBXGroup section */
		166374F44C3226EA4B41630F /* Pods */ = {
			isa = PBXGroup;
			children = (
				E5BD96BD7B614EE9C6BF6AC8 /* Pods-AliCloudIDCardRecognitionDemo.debug.xcconfig */,
				832051DE07F1652EEF34D55D /* Pods-AliCloudIDCardRecognitionDemo.release.xcconfig */,
			);
			name = Pods;
			sourceTree = "<group>";
		};
		4E0906331DC6E3900078C906 = {
			isa = PBXGroup;
			children = (
				4E09063E1DC6E3900078C906 /* AliCloudIDCardRecognitionDemo */,
				4E0906581DC6E3900078C906 /* AliCloudIDCardRecognitionDemoTests */,
				4E0906631DC6E3910078C906 /* AliCloudIDCardRecognitionDemoUITests */,
				4E09063D1DC6E3900078C906 /* Products */,
				166374F44C3226EA4B41630F /* Pods */,
				669EFC76D938E2929C8A8BB5 /* Frameworks */,
			);
			sourceTree = "<group>";
		};
		4E09063D1DC6E3900078C906 /* Products */ = {
			isa = PBXGroup;
			children = (
				4E09063C1DC6E3900078C906 /* AliCloudIDCardRecognitionDemo.app */,
				4E0906551DC6E3900078C906 /* AliCloudIDCardRecognitionDemoTests.xctest */,
				4E0906601DC6E3910078C906 /* AliCloudIDCardRecognitionDemoUITests.xctest */,
			);
			name = Products;
			sourceTree = "<group>";
		};
		4E09063E1DC6E3900078C906 /* AliCloudIDCardRecognitionDemo */ = {
			isa = PBXGroup;
			children = (
				4E0906721DC6E3A60078C906 /* Libs */,
				4E0906421DC6E3900078C906 /* AppDelegate.h */,
				4E0906431DC6E3900078C906 /* AppDelegate.m */,
				4E0906451DC6E3900078C906 /* ViewController.h */,
				4E0906461DC6E3900078C906 /* ViewController.m */,
				4E0906481DC6E3900078C906 /* Main.storyboard */,
				4E09064B1DC6E3900078C906 /* Assets.xcassets */,
				4E09064D1DC6E3900078C906 /* LaunchScreen.storyboard */,
				4E0906501DC6E3900078C906 /* Info.plist */,
				4E09063F1DC6E3900078C906 /* Supporting Files */,
			);
			path = AliCloudIDCardRecognitionDemo;
			sourceTree = "<group>";
		};
		4E09063F1DC6E3900078C906 /* Supporting Files */ = {
			isa = PBXGroup;
			children = (
				4E0906401DC6E3900078C906 /* main.m */,
			);
			name = "Supporting Files";
			sourceTree = "<group>";
		};
		4E0906581DC6E3900078C906 /* AliCloudIDCardRecognitionDemoTests */ = {
			isa = PBXGroup;
			children = (
				4E0906591DC6E3900078C906 /* AliCloudIDCardRecognitionDemoTests.m */,
				4E09065B1DC6E3910078C906 /* Info.plist */,
			);
			path = AliCloudIDCardRecognitionDemoTests;
			sourceTree = "<group>";
		};
		4E0906631DC6E3910078C906 /* AliCloudIDCardRecognitionDemoUITests */ = {
			isa = PBXGroup;
			children = (
				4E0906641DC6E3910078C906 /* AliCloudIDCardRecognitionDemoUITests.m */,
				4E0906661DC6E3910078C906 /* Info.plist */,
			);
			path = AliCloudIDCardRecognitionDemoUITests;
			sourceTree = "<group>";
		};
		4E0906721DC6E3A60078C906 /* Libs */ = {
			isa = PBXGroup;
			children = (
				4E0906761DC6E41A0078C906 /* SDK */,
				4E0906731DC6E3B80078C906 /* PhotoTool.h */,
				4E0906741DC6E3B80078C906 /* PhotoTool.m */,
				4E0906921DC6E9CF0078C906 /* XYAlertController.h */,
				4E0906931DC6E9CF0078C906 /* XYAlertController.m */,
				4E0906961DC6E9F90078C906 /* PrecompiledHeader.pch */,
			);
			path = Libs;
			sourceTree = "<group>";
		};
		4E0906761DC6E41A0078C906 /* SDK */ = {
			isa = PBXGroup;
			children = (
				4E0906771DC6E41A0078C906 /* AppConfiguration.h */,
				4E0906781DC6E41A0078C906 /* AppInclude.h */,
				4E0906791DC6E41A0078C906 /* Constant */,
				4E0906801DC6E41A0078C906 /* HttpUtil.h */,
				4E0906811DC6E41A0078C906 /* HttpUtil.m */,
				4E0906821DC6E41A0078C906 /* SignUtil.h */,
				4E0906831DC6E41A0078C906 /* SignUtil.m */,
			);
			path = SDK;
			sourceTree = "<group>";
		};
		4E0906791DC6E41A0078C906 /* Constant */ = {
			isa = PBXGroup;
			children = (
				4E09067A1DC6E41A0078C906 /* Constants.h */,
				4E09067B1DC6E41A0078C906 /* ContentType.h */,
				4E09067C1DC6E41A0078C906 /* HttpHeader.h */,
				4E09067D1DC6E41A0078C906 /* HttpMethod.h */,
				4E09067E1DC6E41A0078C906 /* HttpSchema.h */,
				4E09067F1DC6E41A0078C906 /* SystemHeader.h */,
			);
			path = Constant;
			sourceTree = "<group>";
		};
		669EFC76D938E2929C8A8BB5 /* Frameworks */ = {
			isa = PBXGroup;
			children = (
				B95359DD12EBBCED5A1981C9 /* libPods-AliCloudIDCardRecognitionDemo.a */,
			);
			name = Frameworks;
			sourceTree = "<group>";
		};
/* End PBXGroup section */

/* Begin PBXNativeTarget section */
		4E09063B1DC6E3900078C906 /* AliCloudIDCardRecognitionDemo */ = {
			isa = PBXNativeTarget;
			buildConfigurationList = 4E0906691DC6E3910078C906 /* Build configuration list for PBXNativeTarget "AliCloudIDCardRecognitionDemo" */;
			buildPhases = (
				659B11A1B55F210EF8C56F22 /* [CP] Check Pods Manifest.lock */,
				4E0906381DC6E3900078C906 /* Sources */,
				4E0906391DC6E3900078C906 /* Frameworks */,
				4E09063A1DC6E3900078C906 /* Resources */,
				15E8E757DAE950F00ADFFE8C /* [CP] Embed Pods Frameworks */,
				1D2E87671CBBCC4656166F84 /* [CP] Copy Pods Resources */,
			);
			buildRules = (
			);
			dependencies = (
			);
			name = AliCloudIDCardRecognitionDemo;
			productName = AliCloudIDCardRecognitionDemo;
			productReference = 4E09063C1DC6E3900078C906 /* AliCloudIDCardRecognitionDemo.app */;
			productType = "com.apple.product-type.application";
		};
		4E0906541DC6E3900078C906 /* AliCloudIDCardRecognitionDemoTests */ = {
			isa = PBXNativeTarget;
			buildConfigurationList = 4E09066C1DC6E3910078C906 /* Build configuration list for PBXNativeTarget "AliCloudIDCardRecognitionDemoTests" */;
			buildPhases = (
				4E0906511DC6E3900078C906 /* Sources */,
				4E0906521DC6E3900078C906 /* Frameworks */,
				4E0906531DC6E3900078C906 /* Resources */,
			);
			buildRules = (
			);
			dependencies = (
				4E0906571DC6E3900078C906 /* PBXTargetDependency */,
			);
			name = AliCloudIDCardRecognitionDemoTests;
			productName = AliCloudIDCardRecognitionDemoTests;
			productReference = 4E0906551DC6E3900078C906 /* AliCloudIDCardRecognitionDemoTests.xctest */;
			productType = "com.apple.product-type.bundle.unit-test";
		};
		4E09065F1DC6E3910078C906 /* AliCloudIDCardRecognitionDemoUITests */ = {
			isa = PBXNativeTarget;
			buildConfigurationList = 4E09066F1DC6E3910078C906 /* Build configuration list for PBXNativeTarget "AliCloudIDCardRecognitionDemoUITests" */;
			buildPhases = (
				4E09065C1DC6E3910078C906 /* Sources */,
				4E09065D1DC6E3910078C906 /* Frameworks */,
				4E09065E1DC6E3910078C906 /* Resources */,
			);
			buildRules = (
			);
			dependencies = (
				4E0906621DC6E3910078C906 /* PBXTargetDependency */,
			);
			name = AliCloudIDCardRecognitionDemoUITests;
			productName = AliCloudIDCardRecognitionDemoUITests;
			productReference = 4E0906601DC6E3910078C906 /* AliCloudIDCardRecognitionDemoUITests.xctest */;
			productType = "com.apple.product-type.bundle.ui-testing";
		};
/* End PBXNativeTarget section */

/* Begin PBXProject section */
		4E0906341DC6E3900078C906 /* Project object */ = {
			isa = PBXProject;
			attributes = {
				LastUpgradeCheck = 0800;
				ORGANIZATIONNAME = zxy;
				TargetAttributes = {
					4E09063B1DC6E3900078C906 = {
						CreatedOnToolsVersion = 8.0;
						DevelopmentTeam = W2V5KJ2T7N;
						ProvisioningStyle = Automatic;
					};
					4E0906541DC6E3900078C906 = {
						CreatedOnToolsVersion = 8.0;
						ProvisioningStyle = Automatic;
						TestTargetID = 4E09063B1DC6E3900078C906;
					};
					4E09065F1DC6E3910078C906 = {
						CreatedOnToolsVersion = 8.0;
						ProvisioningStyle = Automatic;
						TestTargetID = 4E09063B1DC6E3900078C906;
					};
				};
			};
			buildConfigurationList = 4E0906371DC6E3900078C906 /* Build configuration list for PBXProject "AliCloudIDCardRecognitionDemo" */;
			compatibilityVersion = "Xcode 3.2";
			developmentRegion = English;
			hasScannedForEncodings = 0;
			knownRegions = (
				en,
				Base,
			);
			mainGroup = 4E0906331DC6E3900078C906;
			productRefGroup = 4E09063D1DC6E3900078C906 /* Products */;
			projectDirPath = "";
			projectRoot = "";
			targets = (
				4E09063B1DC6E3900078C906 /* AliCloudIDCardRecognitionDemo */,
				4E0906541DC6E3900078C906 /* AliCloudIDCardRecognitionDemoTests */,
				4E09065F1DC6E3910078C906 /* AliCloudIDCardRecognitionDemoUITests */,
			);
		};
/* End PBXProject section */

/* Begin PBXResourcesBuildPhase section */
		4E09063A1DC6E3900078C906 /* Resources */ = {
			isa = PBXResourcesBuildPhase;
			buildActionMask = 2147483647;
			files = (
				4E09064F1DC6E3900078C906 /* LaunchScreen.storyboard in Resources */,
				4E09064C1DC6E3900078C906 /* Assets.xcassets in Resources */,
				4E09064A1DC6E3900078C906 /* Main.storyboard in Resources */,
			);
			runOnlyForDeploymentPostprocessing = 0;
		};
		4E0906531DC6E3900078C906 /* Resources */ = {
			isa = PBXResourcesBuildPhase;
			buildActionMask = 2147483647;
			files = (
			);
			runOnlyForDeploymentPostprocessing = 0;
		};
		4E09065E1DC6E3910078C906 /* Resources */ = {
			isa = PBXResourcesBuildPhase;
			buildActionMask = 2147483647;
			files = (
			);
			runOnlyForDeploymentPostprocessing = 0;
		};
/* End PBXResourcesBuildPhase section */

/* Begin PBXShellScriptBuildPhase section */
		15E8E757DAE950F00ADFFE8C /* [CP] Embed Pods Frameworks */ = {
			isa = PBXShellScriptBuildPhase;
			buildActionMask = 2147483647;
			files = (
			);
			inputPaths = (
			);
			name = "[CP] Embed Pods Frameworks";
			outputPaths = (
			);
			runOnlyForDeploymentPostprocessing = 0;
			shellPath = /bin/sh;
			shellScript = "\"${SRCROOT}/Pods/Target Support Files/Pods-AliCloudIDCardRecognitionDemo/Pods-AliCloudIDCardRecognitionDemo-frameworks.sh\"\n";
			showEnvVarsInLog = 0;
		};
		1D2E87671CBBCC4656166F84 /* [CP] Copy Pods Resources */ = {
			isa = PBXShellScriptBuildPhase;
			buildActionMask = 2147483647;
			files = (
			);
			inputPaths = (
			);
			name = "[CP] Copy Pods Resources";
			outputPaths = (
			);
			runOnlyForDeploymentPostprocessing = 0;
			shellPath = /bin/sh;
			shellScript = "\"${SRCROOT}/Pods/Target Support Files/Pods-AliCloudIDCardRecognitionDemo/Pods-AliCloudIDCardRecognitionDemo-resources.sh\"\n";
			showEnvVarsInLog = 0;
		};
		659B11A1B55F210EF8C56F22 /* [CP] Check Pods Manifest.lock */ = {
			isa = PBXShellScriptBuildPhase;
			buildActionMask = 2147483647;
			files = (
			);
			inputPaths = (
			);
			name = "[CP] Check Pods Manifest.lock";
			outputPaths = (
			);
			runOnlyForDeploymentPostprocessing = 0;
			shellPath = /bin/sh;
			shellScript = "diff \"${PODS_ROOT}/../Podfile.lock\" \"${PODS_ROOT}/Manifest.lock\" > /dev/null\nif [ $? != 0 ] ; then\n    # print error to STDERR\n    echo \"error: The sandbox is not in sync with the Podfile.lock. Run 'pod install' or update your CocoaPods installation.\" >&2\n    exit 1\nfi\n";
			showEnvVarsInLog = 0;
		};
/* End PBXShellScriptBuildPhase section */

/* Begin PBXSourcesBuildPhase section */
		4E0906381DC6E3900078C906 /* Sources */ = {
			isa = PBXSourcesBuildPhase;
			buildActionMask = 2147483647;
			files = (
				4E0906471DC6E3900078C906 /* ViewController.m in Sources */,
				4E0906441DC6E3900078C906 /* AppDelegate.m in Sources */,
				4E0906941DC6E9CF0078C906 /* XYAlertController.m in Sources */,
				4E0906751DC6E3B80078C906 /* PhotoTool.m in Sources */,
				4E0906411DC6E3900078C906 /* main.m in Sources */,
				4E0906851DC6E41A0078C906 /* SignUtil.m in Sources */,
				4E0906841DC6E41A0078C906 /* HttpUtil.m in Sources */,
			);
			runOnlyForDeploymentPostprocessing = 0;
		};
		4E0906511DC6E3900078C906 /* Sources */ = {
			isa = PBXSourcesBuildPhase;
			buildActionMask = 2147483647;
			files = (
				4E09065A1DC6E3900078C906 /* AliCloudIDCardRecognitionDemoTests.m in Sources */,
			);
			runOnlyForDeploymentPostprocessing = 0;
		};
		4E09065C1DC6E3910078C906 /* Sources */ = {
			isa = PBXSourcesBuildPhase;
			buildActionMask = 2147483647;
			files = (
				4E0906651DC6E3910078C906 /* AliCloudIDCardRecognitionDemoUITests.m in Sources */,
			);
			runOnlyForDeploymentPostprocessing = 0;
		};
/* End PBXSourcesBuildPhase section */

/* Begin PBXTargetDependency section */
		4E0906571DC6E3900078C906 /* PBXTargetDependency */ = {
			isa = PBXTargetDependency;
			target = 4E09063B1DC6E3900078C906 /* AliCloudIDCardRecognitionDemo */;
			targetProxy = 4E0906561DC6E3900078C906 /* PBXContainerItemProxy */;
		};
		4E0906621DC6E3910078C906 /* PBXTargetDependency */ = {
			isa = PBXTargetDependency;
			target = 4E09063B1DC6E3900078C906 /* AliCloudIDCardRecognitionDemo */;
			targetProxy = 4E0906611DC6E3910078C906 /* PBXContainerItemProxy */;
		};
/* End PBXTargetDependency section */

/* Begin PBXVariantGroup section */
		4E0906481DC6E3900078C906 /* Main.storyboard */ = {
			isa = PBXVariantGroup;
			children = (
				4E0906491DC6E3900078C906 /* Base */,
			);
			name = Main.storyboard;
			sourceTree = "<group>";
		};
		4E09064D1DC6E3900078C906 /* LaunchScreen.storyboard */ = {
			isa = PBXVariantGroup;
			children = (
				4E09064E1DC6E3900078C906 /* Base */,
			);
			name = LaunchScreen.storyboard;
			sourceTree = "<group>";
		};
/* End PBXVariantGroup section */

/* Begin XCBuildConfiguration section */
		4E0906671DC6E3910078C906 /* Debug */ = {
			isa = XCBuildConfiguration;
			buildSettings = {
				ALWAYS_SEARCH_USER_PATHS = NO;
				CLANG_ANALYZER_NONNULL = YES;
				CLANG_CXX_LANGUAGE_STANDARD = "gnu++0x";
				CLANG_CXX_LIBRARY = "libc++";
				CLANG_ENABLE_MODULES = YES;
				CLANG_ENABLE_OBJC_ARC = YES;
				CLANG_WARN_BOOL_CONVERSION = YES;
				CLANG_WARN_CONSTANT_CONVERSION = YES;
				CLANG_WARN_DIRECT_OBJC_ISA_USAGE = YES_ERROR;
				CLANG_WARN_DOCUMENTATION_COMMENTS = YES;
				CLANG_WARN_EMPTY_BODY = YES;
				CLANG_WARN_ENUM_CONVERSION = YES;
				CLANG_WARN_INFINITE_RECURSION = YES;
				CLANG_WARN_INT_CONVERSION = YES;
				CLANG_WARN_OBJC_ROOT_CLASS = YES_ERROR;
				CLANG_WARN_SUSPICIOUS_MOVES = YES;
				CLANG_WARN_UNREACHABLE_CODE = YES;
				CLANG_WARN__DUPLICATE_METHOD_MATCH = YES;
				"CODE_SIGN_IDENTITY[sdk=iphoneos*]" = "iPhone Developer";
				COPY_PHASE_STRIP = NO;
				DEBUG_INFORMATION_FORMAT = dwarf;
				ENABLE_STRICT_OBJC_MSGSEND = YES;
				ENABLE_TESTABILITY = YES;
				GCC_C_LANGUAGE_STANDARD = gnu99;
				GCC_DYNAMIC_NO_PIC = NO;
				GCC_NO_COMMON_BLOCKS = YES;
				GCC_OPTIMIZATION_LEVEL = 0;
				GCC_PREPROCESSOR_DEFINITIONS = (
					"DEBUG=1",
					"$(inherited)",
				);
				GCC_WARN_64_TO_32_BIT_CONVERSION = YES;
				GCC_WARN_ABOUT_RETURN_TYPE = YES_ERROR;
				GCC_WARN_UNDECLARED_SELECTOR = YES;
				GCC_WARN_UNINITIALIZED_AUTOS = YES_AGGRESSIVE;
				GCC_WARN_UNUSED_FUNCTION = YES;
				GCC_WARN_UNUSED_VARIABLE = YES;
				IPHONEOS_DEPLOYMENT_TARGET = 10.0;
				MTL_ENABLE_DEBUG_INFO = YES;
				ONLY_ACTIVE_ARCH = YES;
				SDKROOT = iphoneos;
				TARGETED_DEVICE_FAMILY = "1,2";
			};
			name = Debug;
		};
		4E0906681DC6E3910078C906 /* Release */ = {
			isa = XCBuildConfiguration;
			buildSettings = {
				ALWAYS_SEARCH_USER_PATHS = NO;
				CLANG_ANALYZER_NONNULL = YES;
				CLANG_CXX_LANGUAGE_STANDARD = "gnu++0x";
				CLANG_CXX_LIBRARY = "libc++";
				CLANG_ENABLE_MODULES = YES;
				CLANG_ENABLE_OBJC_ARC = YES;
				CLANG_WARN_BOOL_CONVERSION = YES;
				CLANG_WARN_CONSTANT_CONVERSION = YES;
				CLANG_WARN_DIRECT_OBJC_ISA_USAGE = YES_ERROR;
				CLANG_WARN_DOCUMENTATION_COMMENTS = YES;
				CLANG_WARN_EMPTY_BODY = YES;
				CLANG_WARN_ENUM_CONVERSION = YES;
				CLANG_WARN_INFINITE_RECURSION = YES;
				CLANG_WARN_INT_CONVERSION = YES;
				CLANG_WARN_OBJC_ROOT_CLASS = YES_ERROR;
				CLANG_WARN_SUSPICIOUS_MOVES = YES;
				CLANG_WARN_UNREACHABLE_CODE = YES;
				CLANG_WARN__DUPLICATE_METHOD_MATCH = YES;
				"CODE_SIGN_IDENTITY[sdk=iphoneos*]" = "iPhone Developer";
				COPY_PHASE_STRIP = NO;
				DEBUG_INFORMATION_FORMAT = "dwarf-with-dsym";
				ENABLE_NS_ASSERTIONS = NO;
				ENABLE_STRICT_OBJC_MSGSEND = YES;
				GCC_C_LANGUAGE_STANDARD = gnu99;
				GCC_NO_COMMON_BLOCKS = YES;
				GCC_WARN_64_TO_32_BIT_CONVERSION = YES;
				GCC_WARN_ABOUT_RETURN_TYPE = YES_ERROR;
				GCC_WARN_UNDECLARED_SELECTOR = YES;
				GCC_WARN_UNINITIALIZED_AUTOS = YES_AGGRESSIVE;
				GCC_WARN_UNUSED_FUNCTION = YES;
				GCC_WARN_UNUSED_VARIABLE = YES;
				IPHONEOS_DEPLOYMENT_TARGET = 10.0;
				MTL_ENABLE_DEBUG_INFO = NO;
				SDKROOT = iphoneos;
				TARGETED_DEVICE_FAMILY = "1,2";
				VALIDATE_PRODUCT = YES;
			};
			name = Release;
		};
		4E09066A1DC6E3910078C906 /* Debug */ = {
			isa = XCBuildConfiguration;
			baseConfigurationReference = E5BD96BD7B614EE9C6BF6AC8 /* Pods-AliCloudIDCardRecognitionDemo.debug.xcconfig */;
			buildSettings = {
				ASSETCATALOG_COMPILER_APPICON_NAME = AppIcon;
				DEVELOPMENT_TEAM = W2V5KJ2T7N;
				GCC_PREFIX_HEADER = "$(PROJECT_DIR)/$(PROJECT_NAME)/Libs/PrecompiledHeader.pch";
				INFOPLIST_FILE = AliCloudIDCardRecognitionDemo/Info.plist;
				IPHONEOS_DEPLOYMENT_TARGET = 8.0;
				LD_RUNPATH_SEARCH_PATHS = "$(inherited) @executable_path/Frameworks";
				PRODUCT_BUNDLE_IDENTIFIER = com.IdCardIdentify.AliCloudIDCardRecognitionDemo;
				PRODUCT_NAME = "$(TARGET_NAME)";
				TARGETED_DEVICE_FAMILY = 1;
			};
			name = Debug;
		};
		4E09066B1DC6E3910078C906 /* Release */ = {
			isa = XCBuildConfiguration;
			baseConfigurationReference = 832051DE07F1652EEF34D55D /* Pods-AliCloudIDCardRecognitionDemo.release.xcconfig */;
			buildSettings = {
				ASSETCATALOG_COMPILER_APPICON_NAME = AppIcon;
				DEVELOPMENT_TEAM = W2V5KJ2T7N;
				GCC_PREFIX_HEADER = "$(PROJECT_DIR)/$(PROJECT_NAME)/Libs/PrecompiledHeader.pch";
				INFOPLIST_FILE = AliCloudIDCardRecognitionDemo/Info.plist;
				IPHONEOS_DEPLOYMENT_TARGET = 8.0;
				LD_RUNPATH_SEARCH_PATHS = "$(inherited) @executable_path/Frameworks";
				PRODUCT_BUNDLE_IDENTIFIER = com.IdCardIdentify.AliCloudIDCardRecognitionDemo;
				PRODUCT_NAME = "$(TARGET_NAME)";
				TARGETED_DEVICE_FAMILY = 1;
			};
			name = Release;
		};
		4E09066D1DC6E3910078C906 /* Debug */ = {
			isa = XCBuildConfiguration;
			buildSettings = {
				BUNDLE_LOADER = "$(TEST_HOST)";
				INFOPLIST_FILE = AliCloudIDCardRecognitionDemoTests/Info.plist;
				LD_RUNPATH_SEARCH_PATHS = "$(inherited) @executable_path/Frameworks @loader_path/Frameworks";
				PRODUCT_BUNDLE_IDENTIFIER = com.IdCardIdentify.AliCloudIDCardRecognitionDemoTests;
				PRODUCT_NAME = "$(TARGET_NAME)";
				TEST_HOST = "$(BUILT_PRODUCTS_DIR)/AliCloudIDCardRecognitionDemo.app/AliCloudIDCardRecognitionDemo";
			};
			name = Debug;
		};
		4E09066E1DC6E3910078C906 /* Release */ = {
			isa = XCBuildConfiguration;
			buildSettings = {
				BUNDLE_LOADER = "$(TEST_HOST)";
				INFOPLIST_FILE = AliCloudIDCardRecognitionDemoTests/Info.plist;
				LD_RUNPATH_SEARCH_PATHS = "$(inherited) @executable_path/Frameworks @loader_path/Frameworks";
				PRODUCT_BUNDLE_IDENTIFIER = com.IdCardIdentify.AliCloudIDCardRecognitionDemoTests;
				PRODUCT_NAME = "$(TARGET_NAME)";
				TEST_HOST = "$(BUILT_PRODUCTS_DIR)/AliCloudIDCardRecognitionDemo.app/AliCloudIDCardRecognitionDemo";
			};
			name = Release;
		};
		4E0906701DC6E3910078C906 /* Debug */ = {
			isa = XCBuildConfiguration;
			buildSettings = {
				INFOPLIST_FILE = AliCloudIDCardRecognitionDemoUITests/Info.plist;
				LD_RUNPATH_SEARCH_PATHS = "$(inherited) @executable_path/Frameworks @loader_path/Frameworks";
				PRODUCT_BUNDLE_IDENTIFIER = com.IdCardIdentify.AliCloudIDCardRecognitionDemoUITests;
				PRODUCT_NAME = "$(TARGET_NAME)";
				TEST_TARGET_NAME = AliCloudIDCardRecognitionDemo;
			};
			name = Debug;
		};
		4E0906711DC6E3910078C906 /* Release */ = {
			isa = XCBuildConfiguration;
			buildSettings = {
				INFOPLIST_FILE = AliCloudIDCardRecognitionDemoUITests/Info.plist;
				LD_RUNPATH_SEARCH_PATHS = "$(inherited) @executable_path/Frameworks @loader_path/Frameworks";
				PRODUCT_BUNDLE_IDENTIFIER = com.IdCardIdentify.AliCloudIDCardRecognitionDemoUITests;
				PRODUCT_NAME = "$(TARGET_NAME)";
				TEST_TARGET_NAME = AliCloudIDCardRecognitionDemo;
			};
			name = Release;
		};
/* End XCBuildConfiguration section */

/* Begin XCConfigurationList section */
		4E0906371DC6E3900078C906 /* Build configuration list for PBXProject "AliCloudIDCardRecognitionDemo" */ = {
			isa = XCConfigurationList;
			buildConfigurations = (
				4E0906671DC6E3910078C906 /* Debug */,
				4E0906681DC6E3910078C906 /* Release */,
			);
			defaultConfigurationIsVisible = 0;
			defaultConfigurationName = Release;
		};
		4E0906691DC6E3910078C906 /* Build configuration list for PBXNativeTarget "AliCloudIDCardRecognitionDemo" */ = {
			isa = XCConfigurationList;
			buildConfigurations = (
				4E09066A1DC6E3910078C906 /* Debug */,
				4E09066B1DC6E3910078C906 /* Release */,
			);
			defaultConfigurationIsVisible = 0;
			defaultConfigurationName = Release;
		};
		4E09066C1DC6E3910078C906 /* Build configuration list for PBXNativeTarget "AliCloudIDCardRecognitionDemoTests" */ = {
			isa = XCConfigurationList;
			buildConfigurations = (
				4E09066D1DC6E3910078C906 /* Debug */,
				4E09066E1DC6E3910078C906 /* Release */,
			);
			defaultConfigurationIsVisible = 0;
			defaultConfigurationName = Release;
		};
		4E09066F1DC6E3910078C906 /* Build configuration list for PBXNativeTarget "AliCloudIDCardRecognitionDemoUITests" */ = {
			isa = XCConfigurationList;
			buildConfigurations = (
				4E0906701DC6E3910078C906 /* Debug */,
				4E0906711DC6E3910078C906 /* Release */,
			);
			defaultConfigurationIsVisible = 0;
			defaultConfigurationName = Release;
		};
/* End XCConfigurationList section */
	};
	rootObject = 4E0906341DC6E3900078C906 /* Project object */;
}
